
Microsoft Visual Studio Solution File, Format Version 12.00
# Visual Studio Version 16
VisualStudioVersion = 16.0.30128.74
MinimumVisualStudioVersion = 10.0.40219.1
Project("{9A19103F-16F7-4668-BE54-9A1E7A4F7556}") = "Princeton-Algorithms1", "Princeton-Algorithms1\Princeton-Algorithms1.csproj", "{90E6872C-C81C-424B-9213-0DB4B358D959}"
EndProject
Project("{FAE04EC0-301F-11D3-BF4B-00C04F79EFBC}") = "Test", "Test\Test.csproj", "{0C7A04DB-EB49-482E-AC47-8B9D24266477}"
EndProject
Global
	GlobalSection(SolutionConfigurationPlatforms) = preSolution
		Debug|Any CPU = Debug|Any CPU
		Release|Any CPU = Release|Any CPU
	EndGlobalSection
	GlobalSection(ProjectConfigurationPlatforms) = postSolution
		{90E6872C-C81C-424B-9213-0DB4B358D959}.Debug|Any CPU.ActiveCfg = Debug|Any CPU
		{90E6872C-C81C-424B-9213-0DB4B358D959}.Debug|Any CPU.Build.0 = Debug|Any CPU
		{90E6872C-C81C-424B-9213-0DB4B358D959}.Release|Any CPU.ActiveCfg = Release|Any CPU
		{90E6872C-C81C-424B-9213-0DB4B358D959}.Release|Any CPU.Build.0 = Release|Any CPU
		{0C7A04DB-EB49-482E-AC47-8B9D24266477}.Debug|Any CPU.ActiveCfg = Debug|Any CPU
		{0C7A04DB-EB49-482E-AC47-8B9D24266477}.Debug|Any CPU.Build.0 = Debug|Any CPU
		{0C7A04DB-EB49-482E-AC47-8B9D24266477}.Release|Any CPU.ActiveCfg = Release|Any CPU
		{0C7A04DB-EB49-482E-AC47-8B9D24266477}.Release|Any CPU.Build.0 = Release|Any CPU
	EndGlobalSection
	GlobalSection(SolutionProperties) = preSolution
		HideSolutionNode = FALSE
	EndGlobalSection
	GlobalSection(ExtensibilityGlobals) = postSolution
		SolutionGuid = {13D6D3DB-D1B9-40AC-A907-A3A6C926DCF7}
	EndGlobalSection
EndGlobal
